
Microsoft Visual Studio Solution File, Format Version 12.00
# Visual Studio Version 17
VisualStudioVersion = 17.0.32014.148
MinimumVisualStudioVersion = 10.0.40219.1
Project("{FAE04EC0-301F-11D3-BF4B-00C04F79EFBC}") = "temporary_checker", "temporary_checker\temporary_checker.csproj", "{3BE835C6-B2B1-458A-8701-17011D0B7016}"
EndProject
Global
	GlobalSection(SolutionConfigurationPlatforms) = preSolution
		Debug|Any CPU = Debug|Any CPU
		Release|Any CPU = Release|Any CPU
	EndGlobalSection
	GlobalSection(ProjectConfigurationPlatforms) = postSolution
		{3BE835C6-B2B1-458A-8701-17011D0B7016}.Debug|Any CPU.ActiveCfg = Debug|Any CPU
		{3BE835C6-B2B1-458A-8701-17011D0B7016}.Debug|Any CPU.Build.0 = Debug|Any CPU
		{3BE835C6-B2B1-458A-8701-17011D0B7016}.Release|Any CPU.ActiveCfg = Release|Any CPU
		{3BE835C6-B2B1-458A-8701-17011D0B7016}.Release|Any CPU.Build.0 = Release|Any CPU
	EndGlobalSection
	GlobalSection(SolutionProperties) = preSolution
		HideSolutionNode = FALSE
	EndGlobalSection
	GlobalSection(ExtensibilityGlobals) = postSolution
		SolutionGuid = {0C65E88A-256E-41AE-858F-300EF4F379C6}
	EndGlobalSection
EndGlobal
