
Microsoft Visual Studio Solution File, Format Version 12.00
# Visual Studio Version 16
VisualStudioVersion = 16.0.31402.337
MinimumVisualStudioVersion = 10.0.40219.1
Project("{FAE04EC0-301F-11D3-BF4B-00C04F79EFBC}") = "ServerSideSocket", "ServerSideSocket\ServerSideSocket.csproj", "{17CB2B63-2119-484A-BD00-171ED2286F4B}"
EndProject
Global
	GlobalSection(SolutionConfigurationPlatforms) = preSolution
		Debug|Any CPU = Debug|Any CPU
		Release|Any CPU = Release|Any CPU
	EndGlobalSection
	GlobalSection(ProjectConfigurationPlatforms) = postSolution
		{17CB2B63-2119-484A-BD00-171ED2286F4B}.Debug|Any CPU.ActiveCfg = Debug|Any CPU
		{17CB2B63-2119-484A-BD00-171ED2286F4B}.Debug|Any CPU.Build.0 = Debug|Any CPU
		{17CB2B63-2119-484A-BD00-171ED2286F4B}.Release|Any CPU.ActiveCfg = Release|Any CPU
		{17CB2B63-2119-484A-BD00-171ED2286F4B}.Release|Any CPU.Build.0 = Release|Any CPU
	EndGlobalSection
	GlobalSection(SolutionProperties) = preSolution
		HideSolutionNode = FALSE
	EndGlobalSection
	GlobalSection(ExtensibilityGlobals) = postSolution
		SolutionGuid = {F65502C8-8CC7-449A-A683-1200E3D4B8BD}
	EndGlobalSection
EndGlobal
