
Microsoft Visual Studio Solution File, Format Version 12.00
# Visual Studio 15
VisualStudioVersion = 15.0.28307.1758
MinimumVisualStudioVersion = 10.0.40219.1
Project("{FAE04EC0-301F-11D3-BF4B-00C04F79EFBC}") = "WindowsFormsApp1", "WindowsFormsApp1\WindowsFormsApp1.csproj", "{99D036E4-1AED-4959-BF79-935ED7E5C12B}"
EndProject
Global
	GlobalSection(SolutionConfigurationPlatforms) = preSolution
		Debug|Any CPU = Debug|Any CPU
		Release|Any CPU = Release|Any CPU
	EndGlobalSection
	GlobalSection(ProjectConfigurationPlatforms) = postSolution
		{99D036E4-1AED-4959-BF79-935ED7E5C12B}.Debug|Any CPU.ActiveCfg = Debug|Any CPU
		{99D036E4-1AED-4959-BF79-935ED7E5C12B}.Debug|Any CPU.Build.0 = Debug|Any CPU
		{99D036E4-1AED-4959-BF79-935ED7E5C12B}.Release|Any CPU.ActiveCfg = Release|Any CPU
		{99D036E4-1AED-4959-BF79-935ED7E5C12B}.Release|Any CPU.Build.0 = Release|Any CPU
	EndGlobalSection
	GlobalSection(SolutionProperties) = preSolution
		HideSolutionNode = FALSE
	EndGlobalSection
	GlobalSection(ExtensibilityGlobals) = postSolution
		SolutionGuid = {FC2BD440-7E80-4A8D-A162-377E5B65E5CC}
	EndGlobalSection
EndGlobal
