
Microsoft Visual Studio Solution File, Format Version 12.00
# Visual Studio Version 16
VisualStudioVersion = 16.0.31112.23
MinimumVisualStudioVersion = 10.0.40219.1
Project("{FAE04EC0-301F-11D3-BF4B-00C04F79EFBC}") = "SaveImage", "test\SaveImage.csproj", "{C122870D-35F4-4336-9720-FEF1A428CFA3}"
EndProject
Global
	GlobalSection(SolutionConfigurationPlatforms) = preSolution
		Debug|Any CPU = Debug|Any CPU
		Release|Any CPU = Release|Any CPU
	EndGlobalSection
	GlobalSection(ProjectConfigurationPlatforms) = postSolution
		{C122870D-35F4-4336-9720-FEF1A428CFA3}.Debug|Any CPU.ActiveCfg = Debug|Any CPU
		{C122870D-35F4-4336-9720-FEF1A428CFA3}.Debug|Any CPU.Build.0 = Debug|Any CPU
		{C122870D-35F4-4336-9720-FEF1A428CFA3}.Release|Any CPU.ActiveCfg = Release|Any CPU
		{C122870D-35F4-4336-9720-FEF1A428CFA3}.Release|Any CPU.Build.0 = Release|Any CPU
	EndGlobalSection
	GlobalSection(SolutionProperties) = preSolution
		HideSolutionNode = FALSE
	EndGlobalSection
	GlobalSection(ExtensibilityGlobals) = postSolution
		SolutionGuid = {F59EA37F-4A2A-4222-9DFC-25573FEA6923}
	EndGlobalSection
EndGlobal
