
Microsoft Visual Studio Solution File, Format Version 12.00
# Visual Studio Version 16
VisualStudioVersion = 16.0.31129.286
MinimumVisualStudioVersion = 10.0.40219.1
Project("{FAE04EC0-301F-11D3-BF4B-00C04F79EFBC}") = "ChatUser", "ChatUser\ChatUser.csproj", "{8B349368-92C7-4CBB-AF66-C97C332655C3}"
EndProject
Global
	GlobalSection(SolutionConfigurationPlatforms) = preSolution
		Debug|Any CPU = Debug|Any CPU
		Release|Any CPU = Release|Any CPU
	EndGlobalSection
	GlobalSection(ProjectConfigurationPlatforms) = postSolution
		{8B349368-92C7-4CBB-AF66-C97C332655C3}.Debug|Any CPU.ActiveCfg = Debug|Any CPU
		{8B349368-92C7-4CBB-AF66-C97C332655C3}.Debug|Any CPU.Build.0 = Debug|Any CPU
		{8B349368-92C7-4CBB-AF66-C97C332655C3}.Release|Any CPU.ActiveCfg = Release|Any CPU
		{8B349368-92C7-4CBB-AF66-C97C332655C3}.Release|Any CPU.Build.0 = Release|Any CPU
	EndGlobalSection
	GlobalSection(SolutionProperties) = preSolution
		HideSolutionNode = FALSE
	EndGlobalSection
	GlobalSection(ExtensibilityGlobals) = postSolution
		SolutionGuid = {F1A5E71D-8CA5-4C8E-BB3D-B62F78CAB74E}
	EndGlobalSection
EndGlobal
