
Microsoft Visual Studio Solution File, Format Version 12.00
# Visual Studio Version 17
VisualStudioVersion = 17.0.32014.148
MinimumVisualStudioVersion = 10.0.40219.1
Project("{FAE04EC0-301F-11D3-BF4B-00C04F79EFBC}") = "binarization", "binarization\binarization.csproj", "{5F8AC52A-CC69-43BE-8BE3-021060E452B6}"
EndProject
Global
	GlobalSection(SolutionConfigurationPlatforms) = preSolution
		Debug|Any CPU = Debug|Any CPU
		Release|Any CPU = Release|Any CPU
	EndGlobalSection
	GlobalSection(ProjectConfigurationPlatforms) = postSolution
		{5F8AC52A-CC69-43BE-8BE3-021060E452B6}.Debug|Any CPU.ActiveCfg = Debug|Any CPU
		{5F8AC52A-CC69-43BE-8BE3-021060E452B6}.Debug|Any CPU.Build.0 = Debug|Any CPU
		{5F8AC52A-CC69-43BE-8BE3-021060E452B6}.Release|Any CPU.ActiveCfg = Release|Any CPU
		{5F8AC52A-CC69-43BE-8BE3-021060E452B6}.Release|Any CPU.Build.0 = Release|Any CPU
	EndGlobalSection
	GlobalSection(SolutionProperties) = preSolution
		HideSolutionNode = FALSE
	EndGlobalSection
	GlobalSection(ExtensibilityGlobals) = postSolution
		SolutionGuid = {FD67E3F5-29F4-4DFF-9E73-E69AAB138B3F}
	EndGlobalSection
EndGlobal
