
Microsoft Visual Studio Solution File, Format Version 12.00
# Visual Studio Version 16
VisualStudioVersion = 16.0.31613.86
MinimumVisualStudioVersion = 10.0.40219.1
Project("{FAE04EC0-301F-11D3-BF4B-00C04F79EFBC}") = "Server", "Server\Server.csproj", "{DDBC2A25-BA60-418B-8A06-2DB7C277FFF6}"
EndProject
Global
	GlobalSection(SolutionConfigurationPlatforms) = preSolution
		Debug|Any CPU = Debug|Any CPU
		Release|Any CPU = Release|Any CPU
	EndGlobalSection
	GlobalSection(ProjectConfigurationPlatforms) = postSolution
		{DDBC2A25-BA60-418B-8A06-2DB7C277FFF6}.Debug|Any CPU.ActiveCfg = Debug|Any CPU
		{DDBC2A25-BA60-418B-8A06-2DB7C277FFF6}.Debug|Any CPU.Build.0 = Debug|Any CPU
		{DDBC2A25-BA60-418B-8A06-2DB7C277FFF6}.Release|Any CPU.ActiveCfg = Release|Any CPU
		{DDBC2A25-BA60-418B-8A06-2DB7C277FFF6}.Release|Any CPU.Build.0 = Release|Any CPU
	EndGlobalSection
	GlobalSection(SolutionProperties) = preSolution
		HideSolutionNode = FALSE
	EndGlobalSection
	GlobalSection(ExtensibilityGlobals) = postSolution
		SolutionGuid = {90CF1FB6-2EB1-4A3D-B57A-A0C2E9BEE546}
	EndGlobalSection
EndGlobal
