
Microsoft Visual Studio Solution File, Format Version 12.00
# Visual Studio Version 17
VisualStudioVersion = 17.0.32014.148
MinimumVisualStudioVersion = 10.0.40219.1
Project("{FAE04EC0-301F-11D3-BF4B-00C04F79EFBC}") = "clip_checker", "clip_checker\clip_checker.csproj", "{9BE9CE3E-64A4-41ED-B2ED-264F4158F88F}"
EndProject
Global
	GlobalSection(SolutionConfigurationPlatforms) = preSolution
		Debug|Any CPU = Debug|Any CPU
		Release|Any CPU = Release|Any CPU
	EndGlobalSection
	GlobalSection(ProjectConfigurationPlatforms) = postSolution
		{9BE9CE3E-64A4-41ED-B2ED-264F4158F88F}.Debug|Any CPU.ActiveCfg = Debug|Any CPU
		{9BE9CE3E-64A4-41ED-B2ED-264F4158F88F}.Debug|Any CPU.Build.0 = Debug|Any CPU
		{9BE9CE3E-64A4-41ED-B2ED-264F4158F88F}.Release|Any CPU.ActiveCfg = Release|Any CPU
		{9BE9CE3E-64A4-41ED-B2ED-264F4158F88F}.Release|Any CPU.Build.0 = Release|Any CPU
	EndGlobalSection
	GlobalSection(SolutionProperties) = preSolution
		HideSolutionNode = FALSE
	EndGlobalSection
	GlobalSection(ExtensibilityGlobals) = postSolution
		SolutionGuid = {E8F06AB5-0C52-4954-A467-65C8A3F0D0AD}
	EndGlobalSection
EndGlobal
