
Microsoft Visual Studio Solution File, Format Version 12.00
# Visual Studio Version 17
VisualStudioVersion = 17.0.32014.148
MinimumVisualStudioVersion = 10.0.40219.1
Project("{FAE04EC0-301F-11D3-BF4B-00C04F79EFBC}") = "ImageClass", "ImageClass\ImageClass.csproj", "{AC77308D-7514-443F-B56B-3C4B04F80693}"
EndProject
Global
	GlobalSection(SolutionConfigurationPlatforms) = preSolution
		Debug|Any CPU = Debug|Any CPU
		Release|Any CPU = Release|Any CPU
	EndGlobalSection
	GlobalSection(ProjectConfigurationPlatforms) = postSolution
		{AC77308D-7514-443F-B56B-3C4B04F80693}.Debug|Any CPU.ActiveCfg = Debug|Any CPU
		{AC77308D-7514-443F-B56B-3C4B04F80693}.Debug|Any CPU.Build.0 = Debug|Any CPU
		{AC77308D-7514-443F-B56B-3C4B04F80693}.Release|Any CPU.ActiveCfg = Release|Any CPU
		{AC77308D-7514-443F-B56B-3C4B04F80693}.Release|Any CPU.Build.0 = Release|Any CPU
	EndGlobalSection
	GlobalSection(SolutionProperties) = preSolution
		HideSolutionNode = FALSE
	EndGlobalSection
	GlobalSection(ExtensibilityGlobals) = postSolution
		SolutionGuid = {3865D639-676E-4ABA-821B-83F1416DACAC}
	EndGlobalSection
EndGlobal
