
Microsoft Visual Studio Solution File, Format Version 12.00
# Visual Studio Version 17
VisualStudioVersion = 17.1.32210.238
MinimumVisualStudioVersion = 10.0.40219.1
Project("{FAE04EC0-301F-11D3-BF4B-00C04F79EFBC}") = "ErrLogViewer", "ErrLogViewer\ErrLogViewer.csproj", "{4D235C5B-0CD3-42EA-9166-B3BDF83F0C97}"
EndProject
Global
	GlobalSection(SolutionConfigurationPlatforms) = preSolution
		Debug|Any CPU = Debug|Any CPU
		Release|Any CPU = Release|Any CPU
	EndGlobalSection
	GlobalSection(ProjectConfigurationPlatforms) = postSolution
		{4D235C5B-0CD3-42EA-9166-B3BDF83F0C97}.Debug|Any CPU.ActiveCfg = Debug|Any CPU
		{4D235C5B-0CD3-42EA-9166-B3BDF83F0C97}.Debug|Any CPU.Build.0 = Debug|Any CPU
		{4D235C5B-0CD3-42EA-9166-B3BDF83F0C97}.Release|Any CPU.ActiveCfg = Release|Any CPU
		{4D235C5B-0CD3-42EA-9166-B3BDF83F0C97}.Release|Any CPU.Build.0 = Release|Any CPU
	EndGlobalSection
	GlobalSection(SolutionProperties) = preSolution
		HideSolutionNode = FALSE
	EndGlobalSection
	GlobalSection(ExtensibilityGlobals) = postSolution
		SolutionGuid = {FDF06401-305D-4EFE-8F7D-9503579EDB7D}
	EndGlobalSection
EndGlobal
